# This file is automatically @generated by Cargo.
# It is not intended for manual editing.
version = 4

[[package]]
name = "cloud-sdk"
version = "0.13.0"

[[package]]
name = "cloud-sdk-hetzner"
version = "0.13.0"
dependencies = [
 "cloud-sdk",
]

[[package]]
name = "cloud-sdk-reqwest"
version = "0.12.1"
dependencies = [
 "cloud-sdk",
]

[[package]]
name = "cloud-sdk-sanitization"
version = "0.12.1"
dependencies = [
 "cloud-sdk",
]

[[package]]
name = "cloud-sdk-testkit"
version = "0.12.1"
dependencies = [
 "cloud-sdk",
]
